
Microsoft Visual Studio Solution File, Format Version 12.00
# Visual Studio 2013
VisualStudioVersion = 12.0.21005.1
MinimumVisualStudioVersion = 10.0.40219.1
Project("{FAE04EC0-301F-11D3-BF4B-00C04F79EFBC}") = "mook_Puzzle", "mook_Puzzle\mook_Puzzle.csproj", "{06D51DD3-9B24-49D8-9F91-9A3A1F5A19CE}"
EndProject
Global
	GlobalSection(SolutionConfigurationPlatforms) = preSolution
		Debug|Any CPU = Debug|Any CPU
		Release|Any CPU = Release|Any CPU
	EndGlobalSection
	GlobalSection(ProjectConfigurationPlatforms) = postSolution
		{06D51DD3-9B24-49D8-9F91-9A3A1F5A19CE}.Debug|Any CPU.ActiveCfg = Debug|Any CPU
		{06D51DD3-9B24-49D8-9F91-9A3A1F5A19CE}.Debug|Any CPU.Build.0 = Debug|Any CPU
		{06D51DD3-9B24-49D8-9F91-9A3A1F5A19CE}.Release|Any CPU.ActiveCfg = Release|Any CPU
		{06D51DD3-9B24-49D8-9F91-9A3A1F5A19CE}.Release|Any CPU.Build.0 = Release|Any CPU
	EndGlobalSection
	GlobalSection(SolutionProperties) = preSolution
		HideSolutionNode = FALSE
	EndGlobalSection
EndGlobal
